
Microsoft Visual Studio Solution File, Format Version 12.00
# Visual Studio 15
VisualStudioVersion = 15.0.26403.7
MinimumVisualStudioVersion = 10.0.40219.1
Project("{FAE04EC0-301F-11D3-BF4B-00C04F79EFBC}") = "CSharp", "CSharp\CSharp.csproj", "{864CDA86-2A19-413F-8728-E733452D4CBA}"
EndProject
Project("{FAE04EC0-301F-11D3-BF4B-00C04F79EFBC}") = "CSharpJa", "CSharpJa\CSharpJa.csproj", "{841AF38C-742A-4FA6-9BB5-D6789BAF7393}"
EndProject
Global
	GlobalSection(SolutionConfigurationPlatforms) = preSolution
		Debug|Any CPU = Debug|Any CPU
		Release|Any CPU = Release|Any CPU
	EndGlobalSection
	GlobalSection(ProjectConfigurationPlatforms) = postSolution
		{864CDA86-2A19-413F-8728-E733452D4CBA}.Debug|Any CPU.ActiveCfg = Debug|Any CPU
		{864CDA86-2A19-413F-8728-E733452D4CBA}.Debug|Any CPU.Build.0 = Debug|Any CPU
		{864CDA86-2A19-413F-8728-E733452D4CBA}.Release|Any CPU.ActiveCfg = Release|Any CPU
		{864CDA86-2A19-413F-8728-E733452D4CBA}.Release|Any CPU.Build.0 = Release|Any CPU
		{841AF38C-742A-4FA6-9BB5-D6789BAF7393}.Debug|Any CPU.ActiveCfg = Debug|Any CPU
		{841AF38C-742A-4FA6-9BB5-D6789BAF7393}.Debug|Any CPU.Build.0 = Debug|Any CPU
		{841AF38C-742A-4FA6-9BB5-D6789BAF7393}.Release|Any CPU.ActiveCfg = Release|Any CPU
		{841AF38C-742A-4FA6-9BB5-D6789BAF7393}.Release|Any CPU.Build.0 = Release|Any CPU
	EndGlobalSection
	GlobalSection(SolutionProperties) = preSolution
		HideSolutionNode = FALSE
	EndGlobalSection
EndGlobal
